
Microsoft Visual Studio Solution File, Format Version 12.00
# Visual Studio 14
VisualStudioVersion = 14.0.25420.1
MinimumVisualStudioVersion = 10.0.40219.1
Project("{FAE04EC0-301F-11D3-BF4B-00C04F79EFBC}") = "Obligatorio I", "Obligatorio I\Obligatorio I.csproj", "{1DBB0C63-189C-4AA6-B317-57550DD3DCF2}"
EndProject
Project("{FAE04EC0-301F-11D3-BF4B-00C04F79EFBC}") = "Pruebas", "Pruebas\Pruebas.csproj", "{64FF8959-D0DE-439E-B2D0-D75416FE1BA2}"
EndProject
Project("{FAE04EC0-301F-11D3-BF4B-00C04F79EFBC}") = "Interfaz", "Interfaz\Interfaz.csproj", "{01448140-8692-41A7-B7B8-7F1E69C4E8A0}"
EndProject
Project("{FAE04EC0-301F-11D3-BF4B-00C04F79EFBC}") = "Ejecutable", "Ejcutable\Ejecutable.csproj", "{414BB84E-F550-485E-9C1E-ED272C6C7E68}"
EndProject
Project("{FAE04EC0-301F-11D3-BF4B-00C04F79EFBC}") = "Excepciones", "Excepciones\Excepciones.csproj", "{3E2C101E-9280-490E-A342-F8483AE4D813}"
EndProject
Project("{FAE04EC0-301F-11D3-BF4B-00C04F79EFBC}") = "Lógica", "Lógica\Lógica.csproj", "{8964C169-97D0-473B-A4E6-C0D383AC53DB}"
EndProject
Global
	GlobalSection(SolutionConfigurationPlatforms) = preSolution
		Debug|Any CPU = Debug|Any CPU
		Release|Any CPU = Release|Any CPU
	EndGlobalSection
	GlobalSection(ProjectConfigurationPlatforms) = postSolution
		{1DBB0C63-189C-4AA6-B317-57550DD3DCF2}.Debug|Any CPU.ActiveCfg = Debug|Any CPU
		{1DBB0C63-189C-4AA6-B317-57550DD3DCF2}.Debug|Any CPU.Build.0 = Debug|Any CPU
		{1DBB0C63-189C-4AA6-B317-57550DD3DCF2}.Release|Any CPU.ActiveCfg = Release|Any CPU
		{1DBB0C63-189C-4AA6-B317-57550DD3DCF2}.Release|Any CPU.Build.0 = Release|Any CPU
		{64FF8959-D0DE-439E-B2D0-D75416FE1BA2}.Debug|Any CPU.ActiveCfg = Debug|Any CPU
		{64FF8959-D0DE-439E-B2D0-D75416FE1BA2}.Debug|Any CPU.Build.0 = Debug|Any CPU
		{64FF8959-D0DE-439E-B2D0-D75416FE1BA2}.Release|Any CPU.ActiveCfg = Release|Any CPU
		{64FF8959-D0DE-439E-B2D0-D75416FE1BA2}.Release|Any CPU.Build.0 = Release|Any CPU
		{01448140-8692-41A7-B7B8-7F1E69C4E8A0}.Debug|Any CPU.ActiveCfg = Debug|Any CPU
		{01448140-8692-41A7-B7B8-7F1E69C4E8A0}.Debug|Any CPU.Build.0 = Debug|Any CPU
		{01448140-8692-41A7-B7B8-7F1E69C4E8A0}.Release|Any CPU.ActiveCfg = Release|Any CPU
		{01448140-8692-41A7-B7B8-7F1E69C4E8A0}.Release|Any CPU.Build.0 = Release|Any CPU
		{414BB84E-F550-485E-9C1E-ED272C6C7E68}.Debug|Any CPU.ActiveCfg = Debug|Any CPU
		{414BB84E-F550-485E-9C1E-ED272C6C7E68}.Debug|Any CPU.Build.0 = Debug|Any CPU
		{414BB84E-F550-485E-9C1E-ED272C6C7E68}.Release|Any CPU.ActiveCfg = Release|Any CPU
		{414BB84E-F550-485E-9C1E-ED272C6C7E68}.Release|Any CPU.Build.0 = Release|Any CPU
		{3E2C101E-9280-490E-A342-F8483AE4D813}.Debug|Any CPU.ActiveCfg = Debug|Any CPU
		{3E2C101E-9280-490E-A342-F8483AE4D813}.Debug|Any CPU.Build.0 = Debug|Any CPU
		{3E2C101E-9280-490E-A342-F8483AE4D813}.Release|Any CPU.ActiveCfg = Release|Any CPU
		{3E2C101E-9280-490E-A342-F8483AE4D813}.Release|Any CPU.Build.0 = Release|Any CPU
		{8964C169-97D0-473B-A4E6-C0D383AC53DB}.Debug|Any CPU.ActiveCfg = Debug|Any CPU
		{8964C169-97D0-473B-A4E6-C0D383AC53DB}.Debug|Any CPU.Build.0 = Debug|Any CPU
		{8964C169-97D0-473B-A4E6-C0D383AC53DB}.Release|Any CPU.ActiveCfg = Release|Any CPU
		{8964C169-97D0-473B-A4E6-C0D383AC53DB}.Release|Any CPU.Build.0 = Release|Any CPU
	EndGlobalSection
	GlobalSection(SolutionProperties) = preSolution
		HideSolutionNode = FALSE
	EndGlobalSection
EndGlobal
